
Microsoft Visual Studio Solution File, Format Version 12.00
# Visual Studio 15
VisualStudioVersion = 15.0.28307.1433
MinimumVisualStudioVersion = 10.0.40219.1
Project("{F184B08F-C81C-45F6-A57F-5ABD9991F28F}") = "Tugas 1 Pemrograman Framework .NET", "Tugas 1 Pemrograman Framework .NET\Tugas 1 Pemrograman Framework .NET.vbproj", "{C512E9E9-EC16-4CEF-8D4F-849C01DC52EA}"
EndProject
Global
	GlobalSection(SolutionConfigurationPlatforms) = preSolution
		Debug|Any CPU = Debug|Any CPU
		Release|Any CPU = Release|Any CPU
	EndGlobalSection
	GlobalSection(ProjectConfigurationPlatforms) = postSolution
		{C512E9E9-EC16-4CEF-8D4F-849C01DC52EA}.Debug|Any CPU.ActiveCfg = Debug|Any CPU
		{C512E9E9-EC16-4CEF-8D4F-849C01DC52EA}.Debug|Any CPU.Build.0 = Debug|Any CPU
		{C512E9E9-EC16-4CEF-8D4F-849C01DC52EA}.Release|Any CPU.ActiveCfg = Release|Any CPU
		{C512E9E9-EC16-4CEF-8D4F-849C01DC52EA}.Release|Any CPU.Build.0 = Release|Any CPU
	EndGlobalSection
	GlobalSection(SolutionProperties) = preSolution
		HideSolutionNode = FALSE
	EndGlobalSection
	GlobalSection(ExtensibilityGlobals) = postSolution
		SolutionGuid = {759BE96C-1CD2-4622-AB7D-E6A51189FD34}
	EndGlobalSection
EndGlobal
